
Microsoft Visual Studio Solution File, Format Version 12.00
# Visual Studio 2012
Project("{FAE04EC0-301F-11D3-BF4B-00C04F79EFBC}") = "NonStoryboard", "NonStoryboard\NonStoryboard.csproj", "{D0CFBA8E-F4AB-4256-AD23-DB33BCB228C6}"
EndProject
Global
	GlobalSection(SolutionConfigurationPlatforms) = preSolution
		Debug|iPhoneSimulator = Debug|iPhoneSimulator
		Release|iPhone = Release|iPhone
		Release|iPhoneSimulator = Release|iPhoneSimulator
		Debug|iPhone = Debug|iPhone
	EndGlobalSection
	GlobalSection(ProjectConfigurationPlatforms) = postSolution
		{D0CFBA8E-F4AB-4256-AD23-DB33BCB228C6}.Debug|iPhoneSimulator.ActiveCfg = Debug|iPhoneSimulator
		{D0CFBA8E-F4AB-4256-AD23-DB33BCB228C6}.Debug|iPhoneSimulator.Build.0 = Debug|iPhoneSimulator
		{D0CFBA8E-F4AB-4256-AD23-DB33BCB228C6}.Release|iPhone.ActiveCfg = Release|iPhone
		{D0CFBA8E-F4AB-4256-AD23-DB33BCB228C6}.Release|iPhone.Build.0 = Release|iPhone
		{D0CFBA8E-F4AB-4256-AD23-DB33BCB228C6}.Release|iPhoneSimulator.ActiveCfg = Release|iPhoneSimulator
		{D0CFBA8E-F4AB-4256-AD23-DB33BCB228C6}.Release|iPhoneSimulator.Build.0 = Release|iPhoneSimulator
		{D0CFBA8E-F4AB-4256-AD23-DB33BCB228C6}.Debug|iPhone.ActiveCfg = Debug|iPhone
		{D0CFBA8E-F4AB-4256-AD23-DB33BCB228C6}.Debug|iPhone.Build.0 = Debug|iPhone
	EndGlobalSection
EndGlobal
